github.com/RyanJarv/lq v0.0.0-20220205091533-22a9e80d3567 h1:Lsv7yaBkjGoPCI39QFFsYfBmlj9SfP7OYAgootc2wPs=
github.com/RyanJarv/lq v0.0.0-20220205091533-22a9e80d3567/go.mod h1:0QlHbVOnCzEFBIt7N2OWU6+ILhWxj8N5ENSPwy2oeog=
github.com/alitto/pond v1.7.0 h1:o/V4qQmhT6EOXkg1PdCz2tF9X3RjMTU6hhlHq1k2t1g=
github.com/alitto/pond v1.7.0/go.mod h1:/TYBaKCXvQ8Qiy3TfOoKeu6K7AVAhMpvu4itSpGdws0=
github.com/aws/aws-sdk-go-v2 v1.13.0 h1:1XIXAfxsEmbhbj5ry3D3vX+6ZcUYvIqSm4CWWEuGZCA=
github.com/aws/aws-sdk-go-v2 v1.13.0/go.mod h1:L6+ZpqHaLbAaxsqV0L4cvxZY7QupWJB4fhkf8LXvC7w=
github.com/aws/aws-sdk-go-v2/config v1.13.1 h1:yLv8bfNoT4r+UvUKQKqRtdnvuWGMK5a82l4ru9Jvnuo=
github.com/aws/aws-sdk-go-v2/config v1.13.1/go.mod h1:Ba5Z4yL/UGbjQUzsiaN378YobhFo0MLfueXGiOsYtEs=
github.com/aws/aws-sdk-go-v2/credentials v1.8.0 h1:8Ow0WcyDesGNL0No11jcgb1JAtE+WtubqXjgxau+S0o=
github.com/aws/aws-sdk-go-v2/credentials v1.8.0/go.mod h1:gnMo58Vwx3Mu7hj1wpcG8DI0s57c9o42UQ6wgTQT5to=
github.com/aws/aws-sdk-go-v2/feature/ec2/imds v1.10.0 h1:NITDuUZO34mqtOwFWZiXo7yAHj7kf+XPE+EiKuCBNUI=
github.com/aws/aws-sdk-go-v2/feature/ec2/imds v1.10.0/go.mod h1:I6/fHT/fH460v09eg2gVrd8B/IqskhNdpcLH0WNO3QI=
github.com/aws/aws-sdk-go-v2/internal/configsources v1.1.4 h1:CRiQJ4E2RhfDdqbie1ZYDo8QtIo75Mk7oTdJSfwJTMQ=
github.com/aws/aws-sdk-go-v2/internal/configsources v1.1.4/go.mod h1:XHgQ7Hz2WY2GAn//UXHofLfPXWh+s62MbMOijrg12Lw=
github.com/aws/aws-sdk-go-v2/internal/endpoints/v2 v2.2.0 h1:3ADoioDMOtF4uiK59vCpplpCwugEU+v4ZFD29jDL3RQ=
github.com/aws/aws-sdk-go-v2/internal/endpoints/v2 v2.2.0/go.mod h1:BsCSJHx5DnDXIrOcqB8KN1/B+hXLG/bi4Y6Vjcx/x9E=
github.com/aws/aws-sdk-go-v2/internal/ini v1.3.5 h1:ixotxbfTCFpqbuwFv/RcZwyzhkxPSYDYEMcj4niB5Uk=
github.com/aws/aws-sdk-go-v2/internal/ini v1.3.5/go.mod h1:R3sWUqPcfXSiF/LSFJhjyJmpg9uV6yP2yv3YZZjldVI=
github.com/aws/aws-sdk-go-v2/service/iam v1.16.0 h1:A4sCxN1jRqmF90FXjYpai1H4z2jeii4USIh12PAv9VQ=
github.com/aws/aws-sdk-go-v2/service/iam v1.16.0/go.mod h1:Nz3L2VG2bK1gJqZejQpBNpMHORGHre5GRAC2v8v8ZDM=
github.com/aws/aws-sdk-go-v2/service/internal/presigned-url v1.7.0 h1:4QAOB3KrvI1ApJK14sliGr3Ie2pjyvNypn/lfzDHfUw=
github.com/aws/aws-sdk-go-v2/service/internal/presigned-url v1.7.0/go.mod h1:K/qPe6AP2TGYv4l6n7c88zh9jWBDf6nHhvg1fx/EWfU=
github.com/aws/aws-sdk-go-v2/service/sso v1.9.0 h1:1qLJeQGBmNQW3mBNzK2CFmrQNmoXWrscPqsrAaU1aTA=
github.com/aws/aws-sdk-go-v2/service/sso v1.9.0/go.mod h1:vCV4glupK3tR7pw7ks7Y4jYRL86VvxS+g5qk04YeWrU=
github.com/aws/aws-sdk-go-v2/service/sts v1.14.0 h1:ksiDXhvNYg0D2/UFkLejsaz3LqpW5yjNQ8Nx9Sn2c0E=
github.com/aws/aws-sdk-go-v2/service/sts v1.14.0/go.mod h1:u0xMJKDvvfocRjiozsoZglVNXRG19043xzp3r2ivLIk=
github.com/aws/smithy-go v1.10.0 h1:gsoZQMNHnX+PaghNw4ynPsyGP7aUCqx5sY2dlPQsZ0w=
github.com/aws/smithy-go v1.10.0/go.mod h1:SObp3lf9smib00L/v3U2eAKG8FyQ7iLrJnQiAmR5n+E=
github.com/corona10/goimagehash v1.0.2 h1:pUfB0LnsJASMPGEZLj7tGY251vF+qLGqOgEP4rUs6kA=
github.com/corona10/goimagehash v1.0.2/go.mod h1:/l9umBhvcHQXVtQO1V6Gp1yD20STawkhRnnX0D1bvVI=
github.com/davecgh/go-spew v1.1.0 h1:ZDRjVQ15GmhC3fiQ8ni8+OwkZQO4DARzQgrnXU1Liz8=
github.com/davecgh/go-spew v1.1.0/go.mod h1:J7Y8YcW2NihsgmVo/mv3lAwl/skON4iLHjSsI+c5H38=
github.com/dlsniper/debugger v0.6.0 h1:AyPoOtJviCmig9AKNRAPPw5B5UyB+cI72zY3Jb+6LlA=
github.com/dlsniper/debugger v0.6.0/go.mod h1:FFdRcPU2Yo4P411bp5U97DHJUSUMKcqw1QMGUu0uVb8=
github.com/fogleman/gg v1.3.0 h1:/7zJX8F6AaYQc57WQCyN9cAIz+4bCJGO9B+dyW29am8=
github.com/fogleman/gg v1.3.0/go.mod h1:R/bRT+9gY/C5z7JzPU0zXsXHKM4/ayA+zqcVNZzPa1k=
github.com/goccy/go-graphviz v0.0.9 h1:s/FMMJ1Joj6La3S5ApO3Jk2cwM4LpXECC2muFx3IPQQ=
github.com/goccy/go-graphviz v0.0.9/go.mod h1:wXVsXxmyMQU6TN3zGRttjNn3h+iCAS7xQFC6TlNvLhk=
github.com/golang/freetype v0.0.0-20170609003504-e2365dfdc4a0 h1:DACJavvAHhabrF08vX0COfcOBJRhZ8lUbR+ZWIs0Y5g=
github.com/golang/freetype v0.0.0-20170609003504-e2365dfdc4a0/go.mod h1:E/TSTwGwJL78qG/PmXZO1EjYhfJinVAhrmmHX6Z8B9k=
github.com/google/go-cmp v0.5.4/go.mod h1:v8dTdLbMG2kIc/vJvl+f65V22dbkXbowE6jgT/gNBxE=
github.com/google/go-cmp v0.5.6/go.mod h1:v8dTdLbMG2kIc/vJvl+f65V22dbkXbowE6jgT/gNBxE=
github.com/google/go-cmp v0.5.7 h1:81/ik6ipDQS2aGcBfIN5dHDB36BwrStyeAQquSYCV4o=
github.com/google/go-cmp v0.5.7/go.mod h1:n+brtR0CgQNWTVd5ZUFpTBC8YFBDLK/h/bpaJ8/DtOE=
github.com/jessevdk/go-flags v1.4.0/go.mod h1:4FA24M0QyGHXBuZZK/XkWh8h0e1EYbRYJSGM75WSRxI=
github.com/jmespath/go-jmespath v0.4.0/go.mod h1:T8mJZnbsbmF+m6zOOFylbeCJqk5+pHWvzYPziyZiYoo=
github.com/jmespath/go-jmespath/internal/testify v1.5.1/go.mod h1:L3OGu8Wl2/fWfCI6z80xFu9LTZmf1ZRjMHUOPmWr69U=
github.com/nfnt/resize v0.0.0-20160724205520-891127d8d1b5 h1:BvoENQQU+fZ9uukda/RzCAL/191HHwJA5b13R6diVlY=
github.com/nfnt/resize v0.0.0-20160724205520-891127d8d1b5/go.mod h1:jpp1/29i3P1S/RLdc7JQKbRpFeM1dOBd8T9ki5s+AY8=
github.com/pkg/errors v0.9.1 h1:FEBLx1zS214owpjy7qsBeixbURkuhQAwrK5UwLGTwt4=
github.com/pkg/errors v0.9.1/go.mod h1:bwawxfHBFNV+L2hUp1rHADufV3IMtnDRdf1r5NINEl0=
github.com/pmezard/go-difflib v1.0.0 h1:4DBwDE0NGyQoBHbLQYPwSUPoCMWR5BEzIk/f1lZbAQM=
github.com/pmezard/go-difflib v1.0.0/go.mod h1:iKH77koFhYxTK1pcRnkKkqfTogsbg7gZNVY4sRDYZ/4=
github.com/stretchr/objx v0.1.0 h1:4G4v2dO3VZwixGIRoQ5Lfboy6nUhCyYzaqnIAPPhYs4=
github.com/stretchr/objx v0.1.0/go.mod h1:HFkY916IF+rwdDfMAkV7OtwuqBVzrE8GR6GFx+wExME=
github.com/stretchr/testify v1.7.0 h1:nwc3DEeHmmLAfoZucVR881uASk0Mfjw8xYJ99tb5CcY=
golang.org/x/crypto v0.0.0-20190308221718-c2843e01d9a2/go.mod h1:djNgcEr1/C05ACkg1iLfiJU5Ep61QUkGW8qpdssI0+w=
golang.org/x/crypto v0.0.0-20200204104054-c9f3fb736b72/go.mod h1:LzIPMQfyMNhhGPhUkYOs5KpL4U8rLKemX1yGLhDgUto=
golang.org/x/image v0.0.0-20200119044424-58c23975cae1 h1:5h3ngYt7+vXCDZCup/HkCQgW5XwmSvR/nA2JmJ0RErg=
golang.org/x/image v0.0.0-20200119044424-58c23975cae1/go.mod h1:FeLwcggjj3mMvU+oOTbSwawSJRM1uh48EjtB4UJZlP0=
golang.org/x/net v0.0.0-20190404232315-eb5bcb51f2a3/go.mod h1:t9HGtf8HONx5eT2rtn7q6eTqICYqUVnKs3thJo3Qplg=
golang.org/x/sys v0.0.0-20190215142949-d0b11bdaac8a/go.mod h1:STP8DvDyc/dI5b8T5hshtkjS+E42TnysNCUPdjciGhY=
golang.org/x/sys v0.0.0-20190412213103-97732733099d/go.mod h1:h1NjWce9XRLGQEsW7wpKNCjG9DtNlClVuFLEZdDNbEs=
golang.org/x/text v0.3.0/go.mod h1:NqM8EUOU14njkJ3fqMW+pc6Ldnwhi/IjpwHt7yyuwOQ=
golang.org/x/xerrors v0.0.0-20191204190536-9bdfabe68543 h1:E7g+9GITq07hpfrRu66IVDexMakfv52eLZ2CXBWiKr4=
golang.org/x/xerrors v0.0.0-20191204190536-9bdfabe68543/go.mod h1:I/5z698sn9Ka8TeJc9MKroUUfqBBauWjQqLJ2OPfmY0=
gopkg.in/check.v1 v0.0.0-20161208181325-20d25e280405/go.mod h1:Co6ibVJAznAaIkqp8huTwlJQCZ016jof/cbN4VW5Yz0=
gopkg.in/yaml.v2 v2.2.8/go.mod h1:hI93XBmqTisBFMUTm0b8Fm+jr3Dg1NNxqwp+5A1VGuI=
gopkg.in/yaml.v3 v3.0.0-20200313102051-9f266ea9e77c h1:dUUwHk2QECo/6vqA44rthZ8ie2QXMNeKRTHCNY2nXvo=
